
Microsoft Visual Studio Solution File, Format Version 12.00
# Visual Studio Version 16
VisualStudioVersion = 16.0.29613.14
MinimumVisualStudioVersion = 10.0.40219.1
Project("{FAE04EC0-301F-11D3-BF4B-00C04F79EFBC}") = "EX_03", "EX_03\EX_03.csproj", "{F572B958-F636-4D5C-88DE-31546982E340}"
EndProject
Global
	GlobalSection(SolutionConfigurationPlatforms) = preSolution
		Debug|Any CPU = Debug|Any CPU
		Release|Any CPU = Release|Any CPU
	EndGlobalSection
	GlobalSection(ProjectConfigurationPlatforms) = postSolution
		{F572B958-F636-4D5C-88DE-31546982E340}.Debug|Any CPU.ActiveCfg = Debug|Any CPU
		{F572B958-F636-4D5C-88DE-31546982E340}.Debug|Any CPU.Build.0 = Debug|Any CPU
		{F572B958-F636-4D5C-88DE-31546982E340}.Release|Any CPU.ActiveCfg = Release|Any CPU
		{F572B958-F636-4D5C-88DE-31546982E340}.Release|Any CPU.Build.0 = Release|Any CPU
	EndGlobalSection
	GlobalSection(SolutionProperties) = preSolution
		HideSolutionNode = FALSE
	EndGlobalSection
	GlobalSection(ExtensibilityGlobals) = postSolution
		SolutionGuid = {3BBACE48-9324-4AED-9995-6755C1997852}
	EndGlobalSection
EndGlobal
